// !$*UTF8*$!
{
	archiveVersion = 1;
	classes = {
	};
	objectVersion = 46;
	objects = {

/* Begin PBXBuildFile section */
		8400EF6314FE4BF1001064F5 /* sample4.xml in Resources */ = {isa = PBXBuildFile; fileRef = 8400EF6114FE4BF0001064F5 /* sample4.xml */; };
		8400EF6414FE4BF1001064F5 /* sample5.xml in Resources */ = {isa = PBXBuildFile; fileRef = 8400EF6214FE4BF0001064F5 /* sample5.xml */; };
		8400EF6714FE4C76001064F5 /* PGTableView.m in Sources */ = {isa = PBXBuildFile; fileRef = 8400EF6614FE4C76001064F5 /* PGTableView.m */; };
		8400EF6A14FE4E77001064F5 /* PGTableViewCell.m in Sources */ = {isa = PBXBuildFile; fileRef = 8400EF6914FE4E77001064F5 /* PGTableViewCell.m */; };
		841DDE5F14FFB4950090D810 /* alpha.png in Resources */ = {isa = PBXBuildFile; fileRef = 841DDE5B14FFB4950090D810 /* alpha.png */; };
		841DDE6014FFB4950090D810 /* beta.png in Resources */ = {isa = PBXBuildFile; fileRef = 841DDE5C14FFB4950090D810 /* beta.png */; };
		841DDE6114FFB4950090D810 /* delta.png in Resources */ = {isa = PBXBuildFile; fileRef = 841DDE5D14FFB4950090D810 /* delta.png */; };
		841DDE6214FFB4950090D810 /* gamma.png in Resources */ = {isa = PBXBuildFile; fileRef = 841DDE5E14FFB4950090D810 /* gamma.png */; };
		84542DD014EAB62C0085FFFA /* sample1.xml in Resources */ = {isa = PBXBuildFile; fileRef = 84542DCE14EAB62C0085FFFA /* sample1.xml */; };
		84542DD114EAB62C0085FFFA /* sample2.xml in Resources */ = {isa = PBXBuildFile; fileRef = 84542DCF14EAB62C0085FFFA /* sample2.xml */; };
		8459711C14EA763F001D985D /* NSObject+Invocation.m in Sources */ = {isa = PBXBuildFile; fileRef = 845970E714EA763F001D985D /* NSObject+Invocation.m */; };
		8459712414EA763F001D985D /* PGTranslators.m in Sources */ = {isa = PBXBuildFile; fileRef = 845970F914EA763F001D985D /* PGTranslators.m */; };
		8459712614EA763F001D985D /* CXMLDocument_CreationExtensions.m in Sources */ = {isa = PBXBuildFile; fileRef = 845970FF14EA763F001D985D /* CXMLDocument_CreationExtensions.m */; };
		8459712714EA763F001D985D /* CXMLNode_CreationExtensions.m in Sources */ = {isa = PBXBuildFile; fileRef = 8459710114EA763F001D985D /* CXMLNode_CreationExtensions.m */; };
		8459712814EA763F001D985D /* CXHTMLDocument.m in Sources */ = {isa = PBXBuildFile; fileRef = 8459710314EA763F001D985D /* CXHTMLDocument.m */; };
		8459712914EA763F001D985D /* CXMLDocument.m in Sources */ = {isa = PBXBuildFile; fileRef = 8459710514EA763F001D985D /* CXMLDocument.m */; };
		8459712A14EA763F001D985D /* CXMLDocument_PrivateExtensions.m in Sources */ = {isa = PBXBuildFile; fileRef = 8459710714EA763F001D985D /* CXMLDocument_PrivateExtensions.m */; };
		8459712B14EA763F001D985D /* CXMLElement.m in Sources */ = {isa = PBXBuildFile; fileRef = 8459710914EA763F001D985D /* CXMLElement.m */; };
		8459712C14EA763F001D985D /* CXMLElement_CreationExtensions.m in Sources */ = {isa = PBXBuildFile; fileRef = 8459710B14EA763F001D985D /* CXMLElement_CreationExtensions.m */; };
		8459712D14EA763F001D985D /* CXMLElement_ElementTreeExtensions.m in Sources */ = {isa = PBXBuildFile; fileRef = 8459710D14EA763F001D985D /* CXMLElement_ElementTreeExtensions.m */; };
		8459712E14EA763F001D985D /* CXMLNamespaceNode.m in Sources */ = {isa = PBXBuildFile; fileRef = 8459710F14EA763F001D985D /* CXMLNamespaceNode.m */; };
		8459712F14EA763F001D985D /* CXMLNode.m in Sources */ = {isa = PBXBuildFile; fileRef = 8459711114EA763F001D985D /* CXMLNode.m */; };
		8459713014EA763F001D985D /* CXMLNode_PrivateExtensions.m in Sources */ = {isa = PBXBuildFile; fileRef = 8459711314EA763F001D985D /* CXMLNode_PrivateExtensions.m */; };
		8459713114EA763F001D985D /* CXMLNode_XPathExtensions.m in Sources */ = {isa = PBXBuildFile; fileRef = 8459711514EA763F001D985D /* CXMLNode_XPathExtensions.m */; };
		8459713214EA763F001D985D /* CTidy.m in Sources */ = {isa = PBXBuildFile; fileRef = 8459711814EA763F001D985D /* CTidy.m */; };
		8459713314EA763F001D985D /* UIColor+HexString.m in Sources */ = {isa = PBXBuildFile; fileRef = 8459711B14EA763F001D985D /* UIColor+HexString.m */; };
		8464286714EA7546000C0EE3 /* UIKit.framework in Frameworks */ = {isa = PBXBuildFile; fileRef = 8464286614EA7546000C0EE3 /* UIKit.framework */; };
		8464286914EA7546000C0EE3 /* Foundation.framework in Frameworks */ = {isa = PBXBuildFile; fileRef = 8464286814EA7546000C0EE3 /* Foundation.framework */; };
		8464286B14EA7546000C0EE3 /* CoreGraphics.framework in Frameworks */ = {isa = PBXBuildFile; fileRef = 8464286A14EA7546000C0EE3 /* CoreGraphics.framework */; };
		8464287114EA7546000C0EE3 /* InfoPlist.strings in Resources */ = {isa = PBXBuildFile; fileRef = 8464286F14EA7546000C0EE3 /* InfoPlist.strings */; };
		8464287314EA7546000C0EE3 /* main.m in Sources */ = {isa = PBXBuildFile; fileRef = 8464287214EA7546000C0EE3 /* main.m */; };
		8464287714EA7546000C0EE3 /* PGAppDelegate.m in Sources */ = {isa = PBXBuildFile; fileRef = 8464287614EA7546000C0EE3 /* PGAppDelegate.m */; };
		8464287A14EA7546000C0EE3 /* PGViewController.m in Sources */ = {isa = PBXBuildFile; fileRef = 8464287914EA7546000C0EE3 /* PGViewController.m */; };
		84786DD514EAC19E00FA6043 /* dinosaur.png in Resources */ = {isa = PBXBuildFile; fileRef = 84786DD214EAC19E00FA6043 /* dinosaur.png */; };
		84786DD614EAC19E00FA6043 /* gameboy.png in Resources */ = {isa = PBXBuildFile; fileRef = 84786DD314EAC19E00FA6043 /* gameboy.png */; };
		84786DD714EAC19E00FA6043 /* soldier.png in Resources */ = {isa = PBXBuildFile; fileRef = 84786DD414EAC19E00FA6043 /* soldier.png */; };
		84C70D9C14F28A810051C13D /* PGLayout.m in Sources */ = {isa = PBXBuildFile; fileRef = 84C70D9914F28A810051C13D /* PGLayout.m */; };
		84C70D9D14F28A810051C13D /* PGLinearLayout.m in Sources */ = {isa = PBXBuildFile; fileRef = 84C70D9B14F28A810051C13D /* PGLinearLayout.m */; };
		84C70DA414F297860051C13D /* PGGridLayout.m in Sources */ = {isa = PBXBuildFile; fileRef = 84C70DA314F297860051C13D /* PGGridLayout.m */; };
		84CA00D514F6466E00ABBE31 /* PGCenterLayout.m in Sources */ = {isa = PBXBuildFile; fileRef = 84CA00D414F6466E00ABBE31 /* PGCenterLayout.m */; };
		FC1E563414F1B1FF007D9C1B /* PGButton.m in Sources */ = {isa = PBXBuildFile; fileRef = FC1E562714F1B1FF007D9C1B /* PGButton.m */; };
		FC1E563514F1B1FF007D9C1B /* PGImageView.m in Sources */ = {isa = PBXBuildFile; fileRef = FC1E562914F1B1FF007D9C1B /* PGImageView.m */; };
		FC1E563614F1B1FF007D9C1B /* PGLabel.m in Sources */ = {isa = PBXBuildFile; fileRef = FC1E562B14F1B1FF007D9C1B /* PGLabel.m */; };
		FC1E563714F1B1FF007D9C1B /* PGProgressView.m in Sources */ = {isa = PBXBuildFile; fileRef = FC1E562D14F1B1FF007D9C1B /* PGProgressView.m */; };
		FC1E563814F1B1FF007D9C1B /* PGScrollView.m in Sources */ = {isa = PBXBuildFile; fileRef = FC1E562F14F1B1FF007D9C1B /* PGScrollView.m */; };
		FC1E563914F1B1FF007D9C1B /* PGSwitch.m in Sources */ = {isa = PBXBuildFile; fileRef = FC1E563114F1B1FF007D9C1B /* PGSwitch.m */; };
		FC1E563A14F1B1FF007D9C1B /* PGTextField.m in Sources */ = {isa = PBXBuildFile; fileRef = FC1E563314F1B1FF007D9C1B /* PGTextField.m */; };
		FC1E563E14F1B265007D9C1B /* PGView.m in Sources */ = {isa = PBXBuildFile; fileRef = FC1E563D14F1B265007D9C1B /* PGView.m */; };
		FC1E564614F1BEE0007D9C1B /* sample3.xml in Resources */ = {isa = PBXBuildFile; fileRef = FC1E564514F1BEE0007D9C1B /* sample3.xml */; };
/* End PBXBuildFile section */

/* Begin PBXFileReference section */
		8400EF6114FE4BF0001064F5 /* sample4.xml */ = {isa = PBXFileReference; fileEncoding = 4; lastKnownFileType = text.xml; name = sample4.xml; path = UI/sample4.xml; sourceTree = "<group>"; };
		8400EF6214FE4BF0001064F5 /* sample5.xml */ = {isa = PBXFileReference; fileEncoding = 4; lastKnownFileType = text.xml; name = sample5.xml; path = UI/sample5.xml; sourceTree = "<group>"; };
		8400EF6514FE4C76001064F5 /* PGTableView.h */ = {isa = PBXFileReference; fileEncoding = 4; lastKnownFileType = sourcecode.c.h; path = PGTableView.h; sourceTree = "<group>"; };
		8400EF6614FE4C76001064F5 /* PGTableView.m */ = {isa = PBXFileReference; fileEncoding = 4; lastKnownFileType = sourcecode.c.objc; path = PGTableView.m; sourceTree = "<group>"; };
		8400EF6814FE4E77001064F5 /* PGTableViewCell.h */ = {isa = PBXFileReference; fileEncoding = 4; lastKnownFileType = sourcecode.c.h; path = PGTableViewCell.h; sourceTree = "<group>"; };
		8400EF6914FE4E77001064F5 /* PGTableViewCell.m */ = {isa = PBXFileReference; fileEncoding = 4; lastKnownFileType = sourcecode.c.objc; path = PGTableViewCell.m; sourceTree = "<group>"; };
		841DDE5B14FFB4950090D810 /* alpha.png */ = {isa = PBXFileReference; lastKnownFileType = image.png; name = alpha.png; path = UI/Images/alpha.png; sourceTree = "<group>"; };
		841DDE5C14FFB4950090D810 /* beta.png */ = {isa = PBXFileReference; lastKnownFileType = image.png; name = beta.png; path = UI/Images/beta.png; sourceTree = "<group>"; };
		841DDE5D14FFB4950090D810 /* delta.png */ = {isa = PBXFileReference; lastKnownFileType = image.png; name = delta.png; path = UI/Images/delta.png; sourceTree = "<group>"; };
		841DDE5E14FFB4950090D810 /* gamma.png */ = {isa = PBXFileReference; lastKnownFileType = image.png; name = gamma.png; path = UI/Images/gamma.png; sourceTree = "<group>"; };
		84542DCE14EAB62C0085FFFA /* sample1.xml */ = {isa = PBXFileReference; fileEncoding = 4; lastKnownFileType = text.xml; name = sample1.xml; path = UI/sample1.xml; sourceTree = "<group>"; };
		84542DCF14EAB62C0085FFFA /* sample2.xml */ = {isa = PBXFileReference; fileEncoding = 4; lastKnownFileType = text.xml; name = sample2.xml; path = UI/sample2.xml; sourceTree = "<group>"; };
		845970E614EA763F001D985D /* NSObject+Invocation.h */ = {isa = PBXFileReference; fileEncoding = 4; lastKnownFileType = sourcecode.c.h; path = "NSObject+Invocation.h"; sourceTree = "<group>"; };
		845970E714EA763F001D985D /* NSObject+Invocation.m */ = {isa = PBXFileReference; fileEncoding = 4; lastKnownFileType = sourcecode.c.objc; path = "NSObject+Invocation.m"; sourceTree = "<group>"; };
		845970E814EA763F001D985D /* Pegasus.h */ = {isa = PBXFileReference; fileEncoding = 4; lastKnownFileType = sourcecode.c.h; path = Pegasus.h; sourceTree = "<group>"; };
		845970E914EA763F001D985D /* PGAdapter.h */ = {isa = PBXFileReference; fileEncoding = 4; lastKnownFileType = sourcecode.c.h; path = PGAdapter.h; sourceTree = "<group>"; };
		845970F814EA763F001D985D /* PGTranslators.h */ = {isa = PBXFileReference; fileEncoding = 4; lastKnownFileType = sourcecode.c.h; path = PGTranslators.h; sourceTree = "<group>"; };
		845970F914EA763F001D985D /* PGTranslators.m */ = {isa = PBXFileReference; fileEncoding = 4; lastKnownFileType = sourcecode.c.objc; path = PGTranslators.m; sourceTree = "<group>"; };
		845970FE14EA763F001D985D /* CXMLDocument_CreationExtensions.h */ = {isa = PBXFileReference; fileEncoding = 4; lastKnownFileType = sourcecode.c.h; path = CXMLDocument_CreationExtensions.h; sourceTree = "<group>"; };
		845970FF14EA763F001D985D /* CXMLDocument_CreationExtensions.m */ = {isa = PBXFileReference; fileEncoding = 4; lastKnownFileType = sourcecode.c.objc; path = CXMLDocument_CreationExtensions.m; sourceTree = "<group>"; };
		8459710014EA763F001D985D /* CXMLNode_CreationExtensions.h */ = {isa = PBXFileReference; fileEncoding = 4; lastKnownFileType = sourcecode.c.h; path = CXMLNode_CreationExtensions.h; sourceTree = "<group>"; };
		8459710114EA763F001D985D /* CXMLNode_CreationExtensions.m */ = {isa = PBXFileReference; fileEncoding = 4; lastKnownFileType = sourcecode.c.objc; path = CXMLNode_CreationExtensions.m; sourceTree = "<group>"; };
		8459710214EA763F001D985D /* CXHTMLDocument.h */ = {isa = PBXFileReference; fileEncoding = 4; lastKnownFileType = sourcecode.c.h; path = CXHTMLDocument.h; sourceTree = "<group>"; };
		8459710314EA763F001D985D /* CXHTMLDocument.m */ = {isa = PBXFileReference; fileEncoding = 4; lastKnownFileType = sourcecode.c.objc; path = CXHTMLDocument.m; sourceTree = "<group>"; };
		8459710414EA763F001D985D /* CXMLDocument.h */ = {isa = PBXFileReference; fileEncoding = 4; lastKnownFileType = sourcecode.c.h; path = CXMLDocument.h; sourceTree = "<group>"; };
		8459710514EA763F001D985D /* CXMLDocument.m */ = {isa = PBXFileReference; fileEncoding = 4; lastKnownFileType = sourcecode.c.objc; path = CXMLDocument.m; sourceTree = "<group>"; };
		8459710614EA763F001D985D /* CXMLDocument_PrivateExtensions.h */ = {isa = PBXFileReference; fileEncoding = 4; lastKnownFileType = sourcecode.c.h; path = CXMLDocument_PrivateExtensions.h; sourceTree = "<group>"; };
		8459710714EA763F001D985D /* CXMLDocument_PrivateExtensions.m */ = {isa = PBXFileReference; fileEncoding = 4; lastKnownFileType = sourcecode.c.objc; path = CXMLDocument_PrivateExtensions.m; sourceTree = "<group>"; };
		8459710814EA763F001D985D /* CXMLElement.h */ = {isa = PBXFileReference; fileEncoding = 4; lastKnownFileType = sourcecode.c.h; path = CXMLElement.h; sourceTree = "<group>"; };
		8459710914EA763F001D985D /* CXMLElement.m */ = {isa = PBXFileReference; fileEncoding = 4; lastKnownFileType = sourcecode.c.objc; path = CXMLElement.m; sourceTree = "<group>"; };
		8459710A14EA763F001D985D /* CXMLElement_CreationExtensions.h */ = {isa = PBXFileReference; fileEncoding = 4; lastKnownFileType = sourcecode.c.h; path = CXMLElement_CreationExtensions.h; sourceTree = "<group>"; };
		8459710B14EA763F001D985D /* CXMLElement_CreationExtensions.m */ = {isa = PBXFileReference; fileEncoding = 4; lastKnownFileType = sourcecode.c.objc; path = CXMLElement_CreationExtensions.m; sourceTree = "<group>"; };
		8459710C14EA763F001D985D /* CXMLElement_ElementTreeExtensions.h */ = {isa = PBXFileReference; fileEncoding = 4; lastKnownFileType = sourcecode.c.h; path = CXMLElement_ElementTreeExtensions.h; sourceTree = "<group>"; };
		8459710D14EA763F001D985D /* CXMLElement_ElementTreeExtensions.m */ = {isa = PBXFileReference; fileEncoding = 4; lastKnownFileType = sourcecode.c.objc; path = CXMLElement_ElementTreeExtensions.m; sourceTree = "<group>"; };
		8459710E14EA763F001D985D /* CXMLNamespaceNode.h */ = {isa = PBXFileReference; fileEncoding = 4; lastKnownFileType = sourcecode.c.h; path = CXMLNamespaceNode.h; sourceTree = "<group>"; };
		8459710F14EA763F001D985D /* CXMLNamespaceNode.m */ = {isa = PBXFileReference; fileEncoding = 4; lastKnownFileType = sourcecode.c.objc; path = CXMLNamespaceNode.m; sourceTree = "<group>"; };
		8459711014EA763F001D985D /* CXMLNode.h */ = {isa = PBXFileReference; fileEncoding = 4; lastKnownFileType = sourcecode.c.h; path = CXMLNode.h; sourceTree = "<group>"; };
		8459711114EA763F001D985D /* CXMLNode.m */ = {isa = PBXFileReference; fileEncoding = 4; lastKnownFileType = sourcecode.c.objc; path = CXMLNode.m; sourceTree = "<group>"; };
		8459711214EA763F001D985D /* CXMLNode_PrivateExtensions.h */ = {isa = PBXFileReference; fileEncoding = 4; lastKnownFileType = sourcecode.c.h; path = CXMLNode_PrivateExtensions.h; sourceTree = "<group>"; };
		8459711314EA763F001D985D /* CXMLNode_PrivateExtensions.m */ = {isa = PBXFileReference; fileEncoding = 4; lastKnownFileType = sourcecode.c.objc; path = CXMLNode_PrivateExtensions.m; sourceTree = "<group>"; };
		8459711414EA763F001D985D /* CXMLNode_XPathExtensions.h */ = {isa = PBXFileReference; fileEncoding = 4; lastKnownFileType = sourcecode.c.h; path = CXMLNode_XPathExtensions.h; sourceTree = "<group>"; };
		8459711514EA763F001D985D /* CXMLNode_XPathExtensions.m */ = {isa = PBXFileReference; fileEncoding = 4; lastKnownFileType = sourcecode.c.objc; path = CXMLNode_XPathExtensions.m; sourceTree = "<group>"; };
		8459711714EA763F001D985D /* CTidy.h */ = {isa = PBXFileReference; fileEncoding = 4; lastKnownFileType = sourcecode.c.h; path = CTidy.h; sourceTree = "<group>"; };
		8459711814EA763F001D985D /* CTidy.m */ = {isa = PBXFileReference; fileEncoding = 4; lastKnownFileType = sourcecode.c.objc; path = CTidy.m; sourceTree = "<group>"; };
		8459711914EA763F001D985D /* TouchXML.h */ = {isa = PBXFileReference; fileEncoding = 4; lastKnownFileType = sourcecode.c.h; path = TouchXML.h; sourceTree = "<group>"; };
		8459711A14EA763F001D985D /* UIColor+HexString.h */ = {isa = PBXFileReference; fileEncoding = 4; lastKnownFileType = sourcecode.c.h; path = "UIColor+HexString.h"; sourceTree = "<group>"; };
		8459711B14EA763F001D985D /* UIColor+HexString.m */ = {isa = PBXFileReference; fileEncoding = 4; lastKnownFileType = sourcecode.c.objc; path = "UIColor+HexString.m"; sourceTree = "<group>"; };
		8464286214EA7546000C0EE3 /* PegasusSample.app */ = {isa = PBXFileReference; explicitFileType = wrapper.application; includeInIndex = 0; path = PegasusSample.app; sourceTree = BUILT_PRODUCTS_DIR; };
		8464286614EA7546000C0EE3 /* UIKit.framework */ = {isa = PBXFileReference; lastKnownFileType = wrapper.framework; name = UIKit.framework; path = System/Library/Frameworks/UIKit.framework; sourceTree = SDKROOT; };
		8464286814EA7546000C0EE3 /* Foundation.framework */ = {isa = PBXFileReference; lastKnownFileType = wrapper.framework; name = Foundation.framework; path = System/Library/Frameworks/Foundation.framework; sourceTree = SDKROOT; };
		8464286A14EA7546000C0EE3 /* CoreGraphics.framework */ = {isa = PBXFileReference; lastKnownFileType = wrapper.framework; name = CoreGraphics.framework; path = System/Library/Frameworks/CoreGraphics.framework; sourceTree = SDKROOT; };
		8464286E14EA7546000C0EE3 /* PegasusSample-Info.plist */ = {isa = PBXFileReference; lastKnownFileType = text.plist.xml; path = "PegasusSample-Info.plist"; sourceTree = "<group>"; };
		8464287014EA7546000C0EE3 /* en */ = {isa = PBXFileReference; lastKnownFileType = text.plist.strings; name = en; path = en.lproj/InfoPlist.strings; sourceTree = "<group>"; };
		8464287214EA7546000C0EE3 /* main.m */ = {isa = PBXFileReference; lastKnownFileType = sourcecode.c.objc; path = main.m; sourceTree = "<group>"; };
		8464287414EA7546000C0EE3 /* PegasusSample-Prefix.pch */ = {isa = PBXFileReference; lastKnownFileType = sourcecode.c.h; path = "PegasusSample-Prefix.pch"; sourceTree = "<group>"; };
		8464287514EA7546000C0EE3 /* PGAppDelegate.h */ = {isa = PBXFileReference; lastKnownFileType = sourcecode.c.h; path = PGAppDelegate.h; sourceTree = "<group>"; };
		8464287614EA7546000C0EE3 /* PGAppDelegate.m */ = {isa = PBXFileReference; lastKnownFileType = sourcecode.c.objc; path = PGAppDelegate.m; sourceTree = "<group>"; };
		8464287814EA7546000C0EE3 /* PGViewController.h */ = {isa = PBXFileReference; lastKnownFileType = sourcecode.c.h; path = PGViewController.h; sourceTree = "<group>"; };
		8464287914EA7546000C0EE3 /* PGViewController.m */ = {isa = PBXFileReference; lastKnownFileType = sourcecode.c.objc; path = PGViewController.m; sourceTree = "<group>"; };
		84786DD214EAC19E00FA6043 /* dinosaur.png */ = {isa = PBXFileReference; lastKnownFileType = image.png; name = dinosaur.png; path = UI/Images/dinosaur.png; sourceTree = "<group>"; };
		84786DD314EAC19E00FA6043 /* gameboy.png */ = {isa = PBXFileReference; lastKnownFileType = image.png; name = gameboy.png; path = UI/Images/gameboy.png; sourceTree = "<group>"; };
		84786DD414EAC19E00FA6043 /* soldier.png */ = {isa = PBXFileReference; lastKnownFileType = image.png; name = soldier.png; path = UI/Images/soldier.png; sourceTree = "<group>"; };
		84C70D9814F28A810051C13D /* PGLayout.h */ = {isa = PBXFileReference; fileEncoding = 4; lastKnownFileType = sourcecode.c.h; name = PGLayout.h; path = Layouts/PGLayout.h; sourceTree = "<group>"; };
		84C70D9914F28A810051C13D /* PGLayout.m */ = {isa = PBXFileReference; fileEncoding = 4; lastKnownFileType = sourcecode.c.objc; name = PGLayout.m; path = Layouts/PGLayout.m; sourceTree = "<group>"; };
		84C70D9A14F28A810051C13D /* PGLinearLayout.h */ = {isa = PBXFileReference; fileEncoding = 4; lastKnownFileType = sourcecode.c.h; name = PGLinearLayout.h; path = Layouts/PGLinearLayout.h; sourceTree = "<group>"; };
		84C70D9B14F28A810051C13D /* PGLinearLayout.m */ = {isa = PBXFileReference; fileEncoding = 4; lastKnownFileType = sourcecode.c.objc; name = PGLinearLayout.m; path = Layouts/PGLinearLayout.m; sourceTree = "<group>"; };
		84C70DA214F297860051C13D /* PGGridLayout.h */ = {isa = PBXFileReference; fileEncoding = 4; lastKnownFileType = sourcecode.c.h; name = PGGridLayout.h; path = Layouts/PGGridLayout.h; sourceTree = "<group>"; };
		84C70DA314F297860051C13D /* PGGridLayout.m */ = {isa = PBXFileReference; fileEncoding = 4; lastKnownFileType = sourcecode.c.objc; name = PGGridLayout.m; path = Layouts/PGGridLayout.m; sourceTree = "<group>"; };
		84CA00D314F6466D00ABBE31 /* PGCenterLayout.h */ = {isa = PBXFileReference; fileEncoding = 4; lastKnownFileType = sourcecode.c.h; path = PGCenterLayout.h; sourceTree = "<group>"; };
		84CA00D414F6466E00ABBE31 /* PGCenterLayout.m */ = {isa = PBXFileReference; fileEncoding = 4; lastKnownFileType = sourcecode.c.objc; path = PGCenterLayout.m; sourceTree = "<group>"; };
		FC1E562614F1B1FF007D9C1B /* PGButton.h */ = {isa = PBXFileReference; fileEncoding = 4; lastKnownFileType = sourcecode.c.h; name = PGButton.h; path = Views/PGButton.h; sourceTree = "<group>"; };
		FC1E562714F1B1FF007D9C1B /* PGButton.m */ = {isa = PBXFileReference; fileEncoding = 4; lastKnownFileType = sourcecode.c.objc; name = PGButton.m; path = Views/PGButton.m; sourceTree = "<group>"; };
		FC1E562814F1B1FF007D9C1B /* PGImageView.h */ = {isa = PBXFileReference; fileEncoding = 4; lastKnownFileType = sourcecode.c.h; name = PGImageView.h; path = Views/PGImageView.h; sourceTree = "<group>"; };
		FC1E562914F1B1FF007D9C1B /* PGImageView.m */ = {isa = PBXFileReference; fileEncoding = 4; lastKnownFileType = sourcecode.c.objc; name = PGImageView.m; path = Views/PGImageView.m; sourceTree = "<group>"; };
		FC1E562A14F1B1FF007D9C1B /* PGLabel.h */ = {isa = PBXFileReference; fileEncoding = 4; lastKnownFileType = sourcecode.c.h; name = PGLabel.h; path = Views/PGLabel.h; sourceTree = "<group>"; };
		FC1E562B14F1B1FF007D9C1B /* PGLabel.m */ = {isa = PBXFileReference; fileEncoding = 4; lastKnownFileType = sourcecode.c.objc; name = PGLabel.m; path = Views/PGLabel.m; sourceTree = "<group>"; };
		FC1E562C14F1B1FF007D9C1B /* PGProgressView.h */ = {isa = PBXFileReference; fileEncoding = 4; lastKnownFileType = sourcecode.c.h; name = PGProgressView.h; path = Views/PGProgressView.h; sourceTree = "<group>"; };
		FC1E562D14F1B1FF007D9C1B /* PGProgressView.m */ = {isa = PBXFileReference; fileEncoding = 4; lastKnownFileType = sourcecode.c.objc; name = PGProgressView.m; path = Views/PGProgressView.m; sourceTree = "<group>"; };
		FC1E562E14F1B1FF007D9C1B /* PGScrollView.h */ = {isa = PBXFileReference; fileEncoding = 4; lastKnownFileType = sourcecode.c.h; name = PGScrollView.h; path = Views/PGScrollView.h; sourceTree = "<group>"; };
		FC1E562F14F1B1FF007D9C1B /* PGScrollView.m */ = {isa = PBXFileReference; fileEncoding = 4; lastKnownFileType = sourcecode.c.objc; name = PGScrollView.m; path = Views/PGScrollView.m; sourceTree = "<group>"; };
		FC1E563014F1B1FF007D9C1B /* PGSwitch.h */ = {isa = PBXFileReference; fileEncoding = 4; lastKnownFileType = sourcecode.c.h; name = PGSwitch.h; path = Views/PGSwitch.h; sourceTree = "<group>"; };
		FC1E563114F1B1FF007D9C1B /* PGSwitch.m */ = {isa = PBXFileReference; fileEncoding = 4; lastKnownFileType = sourcecode.c.objc; name = PGSwitch.m; path = Views/PGSwitch.m; sourceTree = "<group>"; };
		FC1E563214F1B1FF007D9C1B /* PGTextField.h */ = {isa = PBXFileReference; fileEncoding = 4; lastKnownFileType = sourcecode.c.h; name = PGTextField.h; path = Views/PGTextField.h; sourceTree = "<group>"; };
		FC1E563314F1B1FF007D9C1B /* PGTextField.m */ = {isa = PBXFileReference; fileEncoding = 4; lastKnownFileType = sourcecode.c.objc; name = PGTextField.m; path = Views/PGTextField.m; sourceTree = "<group>"; };
		FC1E563C14F1B265007D9C1B /* PGView.h */ = {isa = PBXFileReference; fileEncoding = 4; lastKnownFileType = sourcecode.c.h; name = PGView.h; path = Views/PGView.h; sourceTree = "<group>"; };
		FC1E563D14F1B265007D9C1B /* PGView.m */ = {isa = PBXFileReference; fileEncoding = 4; lastKnownFileType = sourcecode.c.objc; name = PGView.m; path = Views/PGView.m; sourceTree = "<group>"; };
		FC1E564514F1BEE0007D9C1B /* sample3.xml */ = {isa = PBXFileReference; fileEncoding = 4; lastKnownFileType = text.xml; name = sample3.xml; path = UI/sample3.xml; sourceTree = "<group>"; };
/* End PBXFileReference section */

/* Begin PBXFrameworksBuildPhase section */
		8464285F14EA7546000C0EE3 /* Frameworks */ = {
			isa = PBXFrameworksBuildPhase;
			buildActionMask = 2147483647;
			files = (
				8464286714EA7546000C0EE3 /* UIKit.framework in Frameworks */,
				8464286914EA7546000C0EE3 /* Foundation.framework in Frameworks */,
				8464286B14EA7546000C0EE3 /* CoreGraphics.framework in Frameworks */,
			);
			runOnlyForDeploymentPostprocessing = 0;
		};
/* End PBXFrameworksBuildPhase section */

/* Begin PBXGroup section */
		845970E514EA763F001D985D /* Pegasus */ = {
			isa = PBXGroup;
			children = (
				845970FC14EA763F001D985D /* TouchXML */,
				FC1E562514F1B1F4007D9C1B /* Views */,
				FC1E563B14F1B206007D9C1B /* Layouts */,
				845970E614EA763F001D985D /* NSObject+Invocation.h */,
				845970E714EA763F001D985D /* NSObject+Invocation.m */,
				845970E814EA763F001D985D /* Pegasus.h */,
				845970E914EA763F001D985D /* PGAdapter.h */,
				845970F814EA763F001D985D /* PGTranslators.h */,
				845970F914EA763F001D985D /* PGTranslators.m */,
				8459711A14EA763F001D985D /* UIColor+HexString.h */,
				8459711B14EA763F001D985D /* UIColor+HexString.m */,
			);
			name = Pegasus;
			path = ../../Pegasus;
			sourceTree = "<group>";
		};
		845970FC14EA763F001D985D /* TouchXML */ = {
			isa = PBXGroup;
			children = (
				845970FD14EA763F001D985D /* Creation */,
				8459710214EA763F001D985D /* CXHTMLDocument.h */,
				8459710314EA763F001D985D /* CXHTMLDocument.m */,
				8459710414EA763F001D985D /* CXMLDocument.h */,
				8459710514EA763F001D985D /* CXMLDocument.m */,
				8459710614EA763F001D985D /* CXMLDocument_PrivateExtensions.h */,
				8459710714EA763F001D985D /* CXMLDocument_PrivateExtensions.m */,
				8459710814EA763F001D985D /* CXMLElement.h */,
				8459710914EA763F001D985D /* CXMLElement.m */,
				8459710A14EA763F001D985D /* CXMLElement_CreationExtensions.h */,
				8459710B14EA763F001D985D /* CXMLElement_CreationExtensions.m */,
				8459710C14EA763F001D985D /* CXMLElement_ElementTreeExtensions.h */,
				8459710D14EA763F001D985D /* CXMLElement_ElementTreeExtensions.m */,
				8459710E14EA763F001D985D /* CXMLNamespaceNode.h */,
				8459710F14EA763F001D985D /* CXMLNamespaceNode.m */,
				8459711014EA763F001D985D /* CXMLNode.h */,
				8459711114EA763F001D985D /* CXMLNode.m */,
				8459711214EA763F001D985D /* CXMLNode_PrivateExtensions.h */,
				8459711314EA763F001D985D /* CXMLNode_PrivateExtensions.m */,
				8459711414EA763F001D985D /* CXMLNode_XPathExtensions.h */,
				8459711514EA763F001D985D /* CXMLNode_XPathExtensions.m */,
				8459711614EA763F001D985D /* Tidy */,
				8459711914EA763F001D985D /* TouchXML.h */,
			);
			path = TouchXML;
			sourceTree = "<group>";
		};
		845970FD14EA763F001D985D /* Creation */ = {
			isa = PBXGroup;
			children = (
				845970FE14EA763F001D985D /* CXMLDocument_CreationExtensions.h */,
				845970FF14EA763F001D985D /* CXMLDocument_CreationExtensions.m */,
				8459710014EA763F001D985D /* CXMLNode_CreationExtensions.h */,
				8459710114EA763F001D985D /* CXMLNode_CreationExtensions.m */,
			);
			path = Creation;
			sourceTree = "<group>";
		};
		8459711614EA763F001D985D /* Tidy */ = {
			isa = PBXGroup;
			children = (
				8459711714EA763F001D985D /* CTidy.h */,
				8459711814EA763F001D985D /* CTidy.m */,
			);
			path = Tidy;
			sourceTree = "<group>";
		};
		8464285714EA7546000C0EE3 = {
			isa = PBXGroup;
			children = (
				8464286C14EA7546000C0EE3 /* PegasusSample */,
				8464286514EA7546000C0EE3 /* Frameworks */,
				8464286314EA7546000C0EE3 /* Products */,
			);
			sourceTree = "<group>";
		};
		8464286314EA7546000C0EE3 /* Products */ = {
			isa = PBXGroup;
			children = (
				8464286214EA7546000C0EE3 /* PegasusSample.app */,
			);
			name = Products;
			sourceTree = "<group>";
		};
		8464286514EA7546000C0EE3 /* Frameworks */ = {
			isa = PBXGroup;
			children = (
				8464286614EA7546000C0EE3 /* UIKit.framework */,
				8464286814EA7546000C0EE3 /* Foundation.framework */,
				8464286A14EA7546000C0EE3 /* CoreGraphics.framework */,
			);
			name = Frameworks;
			sourceTree = "<group>";
		};
		8464286C14EA7546000C0EE3 /* PegasusSample */ = {
			isa = PBXGroup;
			children = (
				845970E514EA763F001D985D /* Pegasus */,
				846428D914EA75B0000C0EE3 /* UI */,
				8464287514EA7546000C0EE3 /* PGAppDelegate.h */,
				8464287614EA7546000C0EE3 /* PGAppDelegate.m */,
				8464287814EA7546000C0EE3 /* PGViewController.h */,
				8464287914EA7546000C0EE3 /* PGViewController.m */,
				8464286D14EA7546000C0EE3 /* Supporting Files */,
			);
			path = PegasusSample;
			sourceTree = "<group>";
		};
		8464286D14EA7546000C0EE3 /* Supporting Files */ = {
			isa = PBXGroup;
			children = (
				8464286E14EA7546000C0EE3 /* PegasusSample-Info.plist */,
				8464286F14EA7546000C0EE3 /* InfoPlist.strings */,
				8464287214EA7546000C0EE3 /* main.m */,
				8464287414EA7546000C0EE3 /* PegasusSample-Prefix.pch */,
			);
			name = "Supporting Files";
			sourceTree = "<group>";
		};
		846428D914EA75B0000C0EE3 /* UI */ = {
			isa = PBXGroup;
			children = (
				84786DD114EAC19300FA6043 /* Images */,
				84542DCE14EAB62C0085FFFA /* sample1.xml */,
				84542DCF14EAB62C0085FFFA /* sample2.xml */,
				FC1E564514F1BEE0007D9C1B /* sample3.xml */,
				8400EF6114FE4BF0001064F5 /* sample4.xml */,
				8400EF6214FE4BF0001064F5 /* sample5.xml */,
			);
			name = UI;
			sourceTree = "<group>";
		};
		84786DD114EAC19300FA6043 /* Images */ = {
			isa = PBXGroup;
			children = (
				841DDE5B14FFB4950090D810 /* alpha.png */,
				841DDE5C14FFB4950090D810 /* beta.png */,
				841DDE5D14FFB4950090D810 /* delta.png */,
				841DDE5E14FFB4950090D810 /* gamma.png */,
				84786DD214EAC19E00FA6043 /* dinosaur.png */,
				84786DD314EAC19E00FA6043 /* gameboy.png */,
				84786DD414EAC19E00FA6043 /* soldier.png */,
			);
			name = Images;
			sourceTree = "<group>";
		};
		FC1E562514F1B1F4007D9C1B /* Views */ = {
			isa = PBXGroup;
			children = (
				FC1E563C14F1B265007D9C1B /* PGView.h */,
				FC1E563D14F1B265007D9C1B /* PGView.m */,
				FC1E562614F1B1FF007D9C1B /* PGButton.h */,
				FC1E562714F1B1FF007D9C1B /* PGButton.m */,
				FC1E562814F1B1FF007D9C1B /* PGImageView.h */,
				FC1E562914F1B1FF007D9C1B /* PGImageView.m */,
				FC1E562A14F1B1FF007D9C1B /* PGLabel.h */,
				FC1E562B14F1B1FF007D9C1B /* PGLabel.m */,
				FC1E562C14F1B1FF007D9C1B /* PGProgressView.h */,
				FC1E562D14F1B1FF007D9C1B /* PGProgressView.m */,
				FC1E562E14F1B1FF007D9C1B /* PGScrollView.h */,
				FC1E562F14F1B1FF007D9C1B /* PGScrollView.m */,
				FC1E563014F1B1FF007D9C1B /* PGSwitch.h */,
				FC1E563114F1B1FF007D9C1B /* PGSwitch.m */,
				FC1E563214F1B1FF007D9C1B /* PGTextField.h */,
				FC1E563314F1B1FF007D9C1B /* PGTextField.m */,
				8400EF6514FE4C76001064F5 /* PGTableView.h */,
				8400EF6614FE4C76001064F5 /* PGTableView.m */,
				8400EF6814FE4E77001064F5 /* PGTableViewCell.h */,
				8400EF6914FE4E77001064F5 /* PGTableViewCell.m */,
			);
			name = Views;
			sourceTree = "<group>";
		};
		FC1E563B14F1B206007D9C1B /* Layouts */ = {
			isa = PBXGroup;
			children = (
				84C70D9814F28A810051C13D /* PGLayout.h */,
				84C70D9914F28A810051C13D /* PGLayout.m */,
				84C70D9A14F28A810051C13D /* PGLinearLayout.h */,
				84C70D9B14F28A810051C13D /* PGLinearLayout.m */,
				84C70DA214F297860051C13D /* PGGridLayout.h */,
				84C70DA314F297860051C13D /* PGGridLayout.m */,
				84CA00D314F6466D00ABBE31 /* PGCenterLayout.h */,
				84CA00D414F6466E00ABBE31 /* PGCenterLayout.m */,
			);
			name = Layouts;
			sourceTree = "<group>";
		};
/* End PBXGroup section */

/* Begin PBXNativeTarget section */
		8464286114EA7546000C0EE3 /* PegasusSample */ = {
			isa = PBXNativeTarget;
			buildConfigurationList = 8464288314EA7546000C0EE3 /* Build configuration list for PBXNativeTarget "PegasusSample" */;
			buildPhases = (
				8464285E14EA7546000C0EE3 /* Sources */,
				8464285F14EA7546000C0EE3 /* Frameworks */,
				8464286014EA7546000C0EE3 /* Resources */,
			);
			buildRules = (
			);
			dependencies = (
			);
			name = PegasusSample;
			productName = PegasusSample;
			productReference = 8464286214EA7546000C0EE3 /* PegasusSample.app */;
			productType = "com.apple.product-type.application";
		};
/* End PBXNativeTarget section */

/* Begin PBXProject section */
		8464285914EA7546000C0EE3 /* Project object */ = {
			isa = PBXProject;
			attributes = {
				LastUpgradeCheck = 0420;
			};
			buildConfigurationList = 8464285C14EA7546000C0EE3 /* Build configuration list for PBXProject "PegasusSample" */;
			compatibilityVersion = "Xcode 3.2";
			developmentRegion = English;
			hasScannedForEncodings = 0;
			knownRegions = (
				en,
			);
			mainGroup = 8464285714EA7546000C0EE3;
			productRefGroup = 8464286314EA7546000C0EE3 /* Products */;
			projectDirPath = "";
			projectRoot = "";
			targets = (
				8464286114EA7546000C0EE3 /* PegasusSample */,
			);
		};
/* End PBXProject section */

/* Begin PBXResourcesBuildPhase section */
		8464286014EA7546000C0EE3 /* Resources */ = {
			isa = PBXResourcesBuildPhase;
			buildActionMask = 2147483647;
			files = (
				8464287114EA7546000C0EE3 /* InfoPlist.strings in Resources */,
				84542DD014EAB62C0085FFFA /* sample1.xml in Resources */,
				84542DD114EAB62C0085FFFA /* sample2.xml in Resources */,
				84786DD514EAC19E00FA6043 /* dinosaur.png in Resources */,
				84786DD614EAC19E00FA6043 /* gameboy.png in Resources */,
				84786DD714EAC19E00FA6043 /* soldier.png in Resources */,
				FC1E564614F1BEE0007D9C1B /* sample3.xml in Resources */,
				8400EF6314FE4BF1001064F5 /* sample4.xml in Resources */,
				8400EF6414FE4BF1001064F5 /* sample5.xml in Resources */,
				841DDE5F14FFB4950090D810 /* alpha.png in Resources */,
				841DDE6014FFB4950090D810 /* beta.png in Resources */,
				841DDE6114FFB4950090D810 /* delta.png in Resources */,
				841DDE6214FFB4950090D810 /* gamma.png in Resources */,
			);
			runOnlyForDeploymentPostprocessing = 0;
		};
/* End PBXResourcesBuildPhase section */

/* Begin PBXSourcesBuildPhase section */
		8464285E14EA7546000C0EE3 /* Sources */ = {
			isa = PBXSourcesBuildPhase;
			buildActionMask = 2147483647;
			files = (
				8464287314EA7546000C0EE3 /* main.m in Sources */,
				8464287714EA7546000C0EE3 /* PGAppDelegate.m in Sources */,
				8464287A14EA7546000C0EE3 /* PGViewController.m in Sources */,
				8459711C14EA763F001D985D /* NSObject+Invocation.m in Sources */,
				8459712414EA763F001D985D /* PGTranslators.m in Sources */,
				8459712614EA763F001D985D /* CXMLDocument_CreationExtensions.m in Sources */,
				8459712714EA763F001D985D /* CXMLNode_CreationExtensions.m in Sources */,
				8459712814EA763F001D985D /* CXHTMLDocument.m in Sources */,
				8459712914EA763F001D985D /* CXMLDocument.m in Sources */,
				8459712A14EA763F001D985D /* CXMLDocument_PrivateExtensions.m in Sources */,
				8459712B14EA763F001D985D /* CXMLElement.m in Sources */,
				8459712C14EA763F001D985D /* CXMLElement_CreationExtensions.m in Sources */,
				8459712D14EA763F001D985D /* CXMLElement_ElementTreeExtensions.m in Sources */,
				8459712E14EA763F001D985D /* CXMLNamespaceNode.m in Sources */,
				8459712F14EA763F001D985D /* CXMLNode.m in Sources */,
				8459713014EA763F001D985D /* CXMLNode_PrivateExtensions.m in Sources */,
				8459713114EA763F001D985D /* CXMLNode_XPathExtensions.m in Sources */,
				8459713214EA763F001D985D /* CTidy.m in Sources */,
				8459713314EA763F001D985D /* UIColor+HexString.m in Sources */,
				FC1E563414F1B1FF007D9C1B /* PGButton.m in Sources */,
				FC1E563514F1B1FF007D9C1B /* PGImageView.m in Sources */,
				FC1E563614F1B1FF007D9C1B /* PGLabel.m in Sources */,
				FC1E563714F1B1FF007D9C1B /* PGProgressView.m in Sources */,
				FC1E563814F1B1FF007D9C1B /* PGScrollView.m in Sources */,
				FC1E563914F1B1FF007D9C1B /* PGSwitch.m in Sources */,
				FC1E563A14F1B1FF007D9C1B /* PGTextField.m in Sources */,
				FC1E563E14F1B265007D9C1B /* PGView.m in Sources */,
				84C70D9C14F28A810051C13D /* PGLayout.m in Sources */,
				84C70D9D14F28A810051C13D /* PGLinearLayout.m in Sources */,
				84C70DA414F297860051C13D /* PGGridLayout.m in Sources */,
				84CA00D514F6466E00ABBE31 /* PGCenterLayout.m in Sources */,
				8400EF6714FE4C76001064F5 /* PGTableView.m in Sources */,
				8400EF6A14FE4E77001064F5 /* PGTableViewCell.m in Sources */,
			);
			runOnlyForDeploymentPostprocessing = 0;
		};
/* End PBXSourcesBuildPhase section */

/* Begin PBXVariantGroup section */
		8464286F14EA7546000C0EE3 /* InfoPlist.strings */ = {
			isa = PBXVariantGroup;
			children = (
				8464287014EA7546000C0EE3 /* en */,
			);
			name = InfoPlist.strings;
			sourceTree = "<group>";
		};
/* End PBXVariantGroup section */

/* Begin XCBuildConfiguration section */
		8464288114EA7546000C0EE3 /* Debug */ = {
			isa = XCBuildConfiguration;
			buildSettings = {
				ALWAYS_SEARCH_USER_PATHS = NO;
				ARCHS = "$(ARCHS_STANDARD_32_BIT)";
				CLANG_ENABLE_OBJC_ARC = YES;
				"CODE_SIGN_IDENTITY[sdk=iphoneos*]" = "iPhone Developer";
				COPY_PHASE_STRIP = NO;
				GCC_C_LANGUAGE_STANDARD = gnu99;
				GCC_DYNAMIC_NO_PIC = NO;
				GCC_OPTIMIZATION_LEVEL = 0;
				GCC_PREPROCESSOR_DEFINITIONS = (
					"DEBUG=1",
					"$(inherited)",
				);
				GCC_SYMBOLS_PRIVATE_EXTERN = NO;
				GCC_VERSION = com.apple.compilers.llvm.clang.1_0;
				GCC_WARN_ABOUT_MISSING_PROTOTYPES = YES;
				GCC_WARN_ABOUT_RETURN_TYPE = YES;
				GCC_WARN_UNUSED_VARIABLE = YES;
				HEADER_SEARCH_PATHS = /usr/include/libxml2;
				IPHONEOS_DEPLOYMENT_TARGET = 5.0;
				OTHER_LDFLAGS = "-lxml2";
				SDKROOT = iphoneos;
				TARGETED_DEVICE_FAMILY = "1,2";
			};
			name = Debug;
		};
		8464288214EA7546000C0EE3 /* Release */ = {
			isa = XCBuildConfiguration;
			buildSettings = {
				ALWAYS_SEARCH_USER_PATHS = NO;
				ARCHS = "$(ARCHS_STANDARD_32_BIT)";
				CLANG_ENABLE_OBJC_ARC = YES;
				"CODE_SIGN_IDENTITY[sdk=iphoneos*]" = "iPhone Developer";
				COPY_PHASE_STRIP = YES;
				GCC_C_LANGUAGE_STANDARD = gnu99;
				GCC_VERSION = com.apple.compilers.llvm.clang.1_0;
				GCC_WARN_ABOUT_MISSING_PROTOTYPES = YES;
				GCC_WARN_ABOUT_RETURN_TYPE = YES;
				GCC_WARN_UNUSED_VARIABLE = YES;
				HEADER_SEARCH_PATHS = /usr/include/libxml2;
				IPHONEOS_DEPLOYMENT_TARGET = 5.0;
				OTHER_CFLAGS = "-DNS_BLOCK_ASSERTIONS=1";
				OTHER_LDFLAGS = "-lxml2";
				SDKROOT = iphoneos;
				TARGETED_DEVICE_FAMILY = "1,2";
				VALIDATE_PRODUCT = YES;
			};
			name = Release;
		};
		8464288414EA7546000C0EE3 /* Debug */ = {
			isa = XCBuildConfiguration;
			buildSettings = {
				GCC_PRECOMPILE_PREFIX_HEADER = YES;
				GCC_PREFIX_HEADER = "PegasusSample/PegasusSample-Prefix.pch";
				INFOPLIST_FILE = "PegasusSample/PegasusSample-Info.plist";
				PRODUCT_NAME = "$(TARGET_NAME)";
				WRAPPER_EXTENSION = app;
			};
			name = Debug;
		};
		8464288514EA7546000C0EE3 /* Release */ = {
			isa = XCBuildConfiguration;
			buildSettings = {
				GCC_PRECOMPILE_PREFIX_HEADER = YES;
				GCC_PREFIX_HEADER = "PegasusSample/PegasusSample-Prefix.pch";
				INFOPLIST_FILE = "PegasusSample/PegasusSample-Info.plist";
				PRODUCT_NAME = "$(TARGET_NAME)";
				WRAPPER_EXTENSION = app;
			};
			name = Release;
		};
/* End XCBuildConfiguration section */

/* Begin XCConfigurationList section */
		8464285C14EA7546000C0EE3 /* Build configuration list for PBXProject "PegasusSample" */ = {
			isa = XCConfigurationList;
			buildConfigurations = (
				8464288114EA7546000C0EE3 /* Debug */,
				8464288214EA7546000C0EE3 /* Release */,
			);
			defaultConfigurationIsVisible = 0;
			defaultConfigurationName = Release;
		};
		8464288314EA7546000C0EE3 /* Build configuration list for PBXNativeTarget "PegasusSample" */ = {
			isa = XCConfigurationList;
			buildConfigurations = (
				8464288414EA7546000C0EE3 /* Debug */,
				8464288514EA7546000C0EE3 /* Release */,
			);
			defaultConfigurationIsVisible = 0;
			defaultConfigurationName = Release;
		};
/* End XCConfigurationList section */
	};
	rootObject = 8464285914EA7546000C0EE3 /* Project object */;
}
